
Microsoft Visual Studio Solution File, Format Version 12.00
# Visual Studio 15
VisualStudioVersion = 15.0.28307.438
MinimumVisualStudioVersion = 10.0.40219.1
Project("{FAE04EC0-301F-11D3-BF4B-00C04F79EFBC}") = "FunctionApp1", "FunctionApp1\FunctionApp1.csproj", "{4BC08D87-8772-4B0A-9655-76EF71225C8D}"
EndProject
Global
	GlobalSection(SolutionConfigurationPlatforms) = preSolution
		Debug|Any CPU = Debug|Any CPU
		Release|Any CPU = Release|Any CPU
	EndGlobalSection
	GlobalSection(ProjectConfigurationPlatforms) = postSolution
		{4BC08D87-8772-4B0A-9655-76EF71225C8D}.Debug|Any CPU.ActiveCfg = Debug|Any CPU
		{4BC08D87-8772-4B0A-9655-76EF71225C8D}.Debug|Any CPU.Build.0 = Debug|Any CPU
		{4BC08D87-8772-4B0A-9655-76EF71225C8D}.Release|Any CPU.ActiveCfg = Release|Any CPU
		{4BC08D87-8772-4B0A-9655-76EF71225C8D}.Release|Any CPU.Build.0 = Release|Any CPU
	EndGlobalSection
	GlobalSection(SolutionProperties) = preSolution
		HideSolutionNode = FALSE
	EndGlobalSection
	GlobalSection(ExtensibilityGlobals) = postSolution
		SolutionGuid = {66C20B66-AEC1-43B5-9D77-E9259AB0F852}
	EndGlobalSection
EndGlobal
